
Microsoft Visual Studio Solution File, Format Version 12.00
# Visual Studio Version 17
VisualStudioVersion = 17.0.31903.59
MinimumVisualStudioVersion = 10.0.40219.1
Project("{FAE04EC0-301F-11D3-BF4B-00C04F79EFBC}") = "KrapkaNet.Repositories.Abstractions", "Repositories\KrapkaNet.Repositories.Abstractions\KrapkaNet.Repositories.Abstractions.csproj", "{E343E2B8-474E-4B6F-A416-B69CD3D832AE}"
EndProject
Project("{2150E333-8FDC-42A3-9474-1A3956D46DE8}") = "Data", "Data", "{7E250D87-923E-49AD-A9E9-B164DA914C11}"
EndProject
Project("{FAE04EC0-301F-11D3-BF4B-00C04F79EFBC}") = "KrapkaNet.Data.Abstractions", "Data\KrapkaNet.Data.Abstractions\KrapkaNet.Data.Abstractions.csproj", "{70C359E6-0625-4348-8FD6-725BA028C352}"
EndProject
Project("{FAE04EC0-301F-11D3-BF4B-00C04F79EFBC}") = "KrapkaNet.Repositories.EntityFramework", "Repositories\KrapkaNet.Repositories.EntityFramework\KrapkaNet.Repositories.EntityFramework.csproj", "{7E372905-A2B3-4808-9B7E-F884EA646930}"
EndProject
Project("{FAE04EC0-301F-11D3-BF4B-00C04F79EFBC}") = "KrapkaNet.Repositories.EntityFramework.Tests", "Repositories\KrapkaNet.Repositories.EntityFramework.Tests\KrapkaNet.Repositories.EntityFramework.Tests.csproj", "{9D8F013E-D0DD-4F7C-AF87-8FB16A0ED097}"
EndProject
Project("{2150E333-8FDC-42A3-9474-1A3956D46DE8}") = "Repositories", "Repositories", "{BF8CA0F6-06D8-4A42-8F87-4AA9F68D61F2}"
EndProject
Project("{2150E333-8FDC-42A3-9474-1A3956D46DE8}") = "Web", "Web", "{7955997D-0AB5-45FF-8458-734A6F3CF97D}"
EndProject
Project("{FAE04EC0-301F-11D3-BF4B-00C04F79EFBC}") = "KrapkaNet.Web.Infrastructure", "Web\KrapkaNet.Web.Infrastructure\KrapkaNet.Web.Infrastructure.csproj", "{D10B4700-A3DB-4C7A-A9BF-C911658D6675}"
EndProject
Project("{2150E333-8FDC-42A3-9474-1A3956D46DE8}") = "Samples", "Samples", "{23A9E744-C321-4B71-AA1B-81E7151BB392}"
EndProject
Project("{FAE04EC0-301F-11D3-BF4B-00C04F79EFBC}") = "SampleWebApp", "Samples\SampleWebApp\SampleWebApp.csproj", "{D8B294AC-46A2-448A-8B76-1903B722FC6C}"
EndProject
Project("{FAE04EC0-301F-11D3-BF4B-00C04F79EFBC}") = "KrapkaNet.Data.EntityFramework", "Data\KrapkaNet.Data.EntityFramework\KrapkaNet.Data.EntityFramework.csproj", "{0F7B0ACC-781B-45E5-A749-B8C71A3099A1}"
EndProject
Project("{FAE04EC0-301F-11D3-BF4B-00C04F79EFBC}") = "KrapkaNet.Data.EntityFramework.Tests", "Data\KrapkaNet.Data.EntityFramework.Tests\KrapkaNet.Data.EntityFramework.Tests.csproj", "{05CD73A4-BE53-4326-82D1-A9C5B5CBFE4E}"
EndProject
Global
	GlobalSection(SolutionConfigurationPlatforms) = preSolution
		Debug|Any CPU = Debug|Any CPU
		Release|Any CPU = Release|Any CPU
	EndGlobalSection
	GlobalSection(SolutionProperties) = preSolution
		HideSolutionNode = FALSE
	EndGlobalSection
	GlobalSection(ProjectConfigurationPlatforms) = postSolution
		{E343E2B8-474E-4B6F-A416-B69CD3D832AE}.Debug|Any CPU.ActiveCfg = Debug|Any CPU
		{E343E2B8-474E-4B6F-A416-B69CD3D832AE}.Debug|Any CPU.Build.0 = Debug|Any CPU
		{E343E2B8-474E-4B6F-A416-B69CD3D832AE}.Release|Any CPU.ActiveCfg = Release|Any CPU
		{E343E2B8-474E-4B6F-A416-B69CD3D832AE}.Release|Any CPU.Build.0 = Release|Any CPU
		{70C359E6-0625-4348-8FD6-725BA028C352}.Debug|Any CPU.ActiveCfg = Debug|Any CPU
		{70C359E6-0625-4348-8FD6-725BA028C352}.Debug|Any CPU.Build.0 = Debug|Any CPU
		{70C359E6-0625-4348-8FD6-725BA028C352}.Release|Any CPU.ActiveCfg = Release|Any CPU
		{70C359E6-0625-4348-8FD6-725BA028C352}.Release|Any CPU.Build.0 = Release|Any CPU
		{7E372905-A2B3-4808-9B7E-F884EA646930}.Debug|Any CPU.ActiveCfg = Debug|Any CPU
		{7E372905-A2B3-4808-9B7E-F884EA646930}.Debug|Any CPU.Build.0 = Debug|Any CPU
		{7E372905-A2B3-4808-9B7E-F884EA646930}.Release|Any CPU.ActiveCfg = Release|Any CPU
		{7E372905-A2B3-4808-9B7E-F884EA646930}.Release|Any CPU.Build.0 = Release|Any CPU
		{9D8F013E-D0DD-4F7C-AF87-8FB16A0ED097}.Debug|Any CPU.ActiveCfg = Debug|Any CPU
		{9D8F013E-D0DD-4F7C-AF87-8FB16A0ED097}.Debug|Any CPU.Build.0 = Debug|Any CPU
		{9D8F013E-D0DD-4F7C-AF87-8FB16A0ED097}.Release|Any CPU.ActiveCfg = Release|Any CPU
		{9D8F013E-D0DD-4F7C-AF87-8FB16A0ED097}.Release|Any CPU.Build.0 = Release|Any CPU
		{D10B4700-A3DB-4C7A-A9BF-C911658D6675}.Debug|Any CPU.ActiveCfg = Debug|Any CPU
		{D10B4700-A3DB-4C7A-A9BF-C911658D6675}.Debug|Any CPU.Build.0 = Debug|Any CPU
		{D10B4700-A3DB-4C7A-A9BF-C911658D6675}.Release|Any CPU.ActiveCfg = Release|Any CPU
		{D10B4700-A3DB-4C7A-A9BF-C911658D6675}.Release|Any CPU.Build.0 = Release|Any CPU
		{D8B294AC-46A2-448A-8B76-1903B722FC6C}.Debug|Any CPU.ActiveCfg = Debug|Any CPU
		{D8B294AC-46A2-448A-8B76-1903B722FC6C}.Debug|Any CPU.Build.0 = Debug|Any CPU
		{D8B294AC-46A2-448A-8B76-1903B722FC6C}.Release|Any CPU.ActiveCfg = Release|Any CPU
		{D8B294AC-46A2-448A-8B76-1903B722FC6C}.Release|Any CPU.Build.0 = Release|Any CPU
		{0F7B0ACC-781B-45E5-A749-B8C71A3099A1}.Debug|Any CPU.ActiveCfg = Debug|Any CPU
		{0F7B0ACC-781B-45E5-A749-B8C71A3099A1}.Debug|Any CPU.Build.0 = Debug|Any CPU
		{0F7B0ACC-781B-45E5-A749-B8C71A3099A1}.Release|Any CPU.ActiveCfg = Release|Any CPU
		{0F7B0ACC-781B-45E5-A749-B8C71A3099A1}.Release|Any CPU.Build.0 = Release|Any CPU
		{05CD73A4-BE53-4326-82D1-A9C5B5CBFE4E}.Debug|Any CPU.ActiveCfg = Debug|Any CPU
		{05CD73A4-BE53-4326-82D1-A9C5B5CBFE4E}.Debug|Any CPU.Build.0 = Debug|Any CPU
		{05CD73A4-BE53-4326-82D1-A9C5B5CBFE4E}.Release|Any CPU.ActiveCfg = Release|Any CPU
		{05CD73A4-BE53-4326-82D1-A9C5B5CBFE4E}.Release|Any CPU.Build.0 = Release|Any CPU
	EndGlobalSection
	GlobalSection(NestedProjects) = preSolution
		{70C359E6-0625-4348-8FD6-725BA028C352} = {7E250D87-923E-49AD-A9E9-B164DA914C11}
		{E343E2B8-474E-4B6F-A416-B69CD3D832AE} = {BF8CA0F6-06D8-4A42-8F87-4AA9F68D61F2}
		{7E372905-A2B3-4808-9B7E-F884EA646930} = {BF8CA0F6-06D8-4A42-8F87-4AA9F68D61F2}
		{9D8F013E-D0DD-4F7C-AF87-8FB16A0ED097} = {BF8CA0F6-06D8-4A42-8F87-4AA9F68D61F2}
		{D10B4700-A3DB-4C7A-A9BF-C911658D6675} = {7955997D-0AB5-45FF-8458-734A6F3CF97D}
		{D8B294AC-46A2-448A-8B76-1903B722FC6C} = {23A9E744-C321-4B71-AA1B-81E7151BB392}
		{0F7B0ACC-781B-45E5-A749-B8C71A3099A1} = {7E250D87-923E-49AD-A9E9-B164DA914C11}
		{05CD73A4-BE53-4326-82D1-A9C5B5CBFE4E} = {7E250D87-923E-49AD-A9E9-B164DA914C11}
	EndGlobalSection
EndGlobal
